PODS:
  - SycKit/Core (0.0.1)
  - SycKit/Foundation (0.0.1):
    - SycKit/Core
  - SycKit/UI (0.0.1):
    - SycKit/Core

DEPENDENCIES:
  - SycKit/Foundation (from `../`)
  - SycKit/UI (from `../`)

EXTERNAL SOURCES:
  SycKit:
    :path: "../"

SPEC CHECKSUMS:
  SycKit: ec9ec1400f0ff42af3b014b744f0d73565fc838a

PODFILE CHECKSUM: 13e1d0b8e05d5ddcdc1d32ac903907d644b76311

COCOAPODS: 1.9.3
